
Microsoft Visual Studio Solution File, Format Version 12.00
# Visual Studio 15
Project("{FAE04EC0-301F-11D3-BF4B-00C04F79EFBC}") = "TestGotPr.Plugins", "TestGotPr.Plugins.csproj", "{D2D99680-1E5D-4367-098B-9CFDF60632B8}"
EndProject
Project("{FAE04EC0-301F-11D3-BF4B-00C04F79EFBC}") = "TestGotPr.Editor.Plugins", "TestGotPr.Editor.Plugins.csproj", "{F80C09D8-516D-04F8-378E-ACC724F52343}"
EndProject
Global
	GlobalSection(SolutionConfigurationPlatforms) = preSolution
		Debug|Any CPU = Debug|Any CPU
		Release|Any CPU = Release|Any CPU
	EndGlobalSection
	GlobalSection(ProjectConfigurationPlatforms) = postSolution
		{D2D99680-1E5D-4367-098B-9CFDF60632B8}.Debug|Any CPU.ActiveCfg = Debug|Any CPU
		{D2D99680-1E5D-4367-098B-9CFDF60632B8}.Debug|Any CPU.Build.0 = Debug|Any CPU
		{D2D99680-1E5D-4367-098B-9CFDF60632B8}.Release|Any CPU.ActiveCfg = Release|Any CPU
		{D2D99680-1E5D-4367-098B-9CFDF60632B8}.Release|Any CPU.Build.0 = Release|Any CPU
		{F80C09D8-516D-04F8-378E-ACC724F52343}.Debug|Any CPU.ActiveCfg = Debug|Any CPU
		{F80C09D8-516D-04F8-378E-ACC724F52343}.Debug|Any CPU.Build.0 = Debug|Any CPU
		{F80C09D8-516D-04F8-378E-ACC724F52343}.Release|Any CPU.ActiveCfg = Release|Any CPU
		{F80C09D8-516D-04F8-378E-ACC724F52343}.Release|Any CPU.Build.0 = Release|Any CPU
	EndGlobalSection
	GlobalSection(SolutionProperties) = preSolution
		HideSolutionNode = FALSE
	EndGlobalSection
EndGlobal
