
Microsoft Visual Studio Solution File, Format Version 11.00
# Visual Studio 2010
Project("{FAE04EC0-301F-11D3-BF4B-00C04F79EFBC}") = "TestGotPr", "Assembly-CSharp-firstpass.csproj", "{134A5BE6-6E23-854C-D872-E6408CBBC5D1}"
EndProject
Project("{FAE04EC0-301F-11D3-BF4B-00C04F79EFBC}") = "TestGotPr", "Assembly-CSharp.csproj", "{6E777279-B126-B806-8470-8316FE84D0A8}"
EndProject
Project("{FAE04EC0-301F-11D3-BF4B-00C04F79EFBC}") = "TestGotPr", "Assembly-CSharp-Editor-firstpass.csproj", "{66164277-F048-8FF8-151A-EF137B0F1C3A}"
EndProject
Global
	GlobalSection(SolutionConfigurationPlatforms) = preSolution
		Debug|Any CPU = Debug|Any CPU
		Release|Any CPU = Release|Any CPU
	EndGlobalSection
	GlobalSection(ProjectConfigurationPlatforms) = postSolution
		{134A5BE6-6E23-854C-D872-E6408CBBC5D1}.Debug|Any CPU.ActiveCfg = Debug|Any CPU
		{134A5BE6-6E23-854C-D872-E6408CBBC5D1}.Debug|Any CPU.Build.0 = Debug|Any CPU
		{134A5BE6-6E23-854C-D872-E6408CBBC5D1}.Release|Any CPU.ActiveCfg = Release|Any CPU
		{134A5BE6-6E23-854C-D872-E6408CBBC5D1}.Release|Any CPU.Build.0 = Release|Any CPU
		{6E777279-B126-B806-8470-8316FE84D0A8}.Debug|Any CPU.ActiveCfg = Debug|Any CPU
		{6E777279-B126-B806-8470-8316FE84D0A8}.Debug|Any CPU.Build.0 = Debug|Any CPU
		{6E777279-B126-B806-8470-8316FE84D0A8}.Release|Any CPU.ActiveCfg = Release|Any CPU
		{6E777279-B126-B806-8470-8316FE84D0A8}.Release|Any CPU.Build.0 = Release|Any CPU
		{66164277-F048-8FF8-151A-EF137B0F1C3A}.Debug|Any CPU.ActiveCfg = Debug|Any CPU
		{66164277-F048-8FF8-151A-EF137B0F1C3A}.Debug|Any CPU.Build.0 = Debug|Any CPU
		{66164277-F048-8FF8-151A-EF137B0F1C3A}.Release|Any CPU.ActiveCfg = Release|Any CPU
		{66164277-F048-8FF8-151A-EF137B0F1C3A}.Release|Any CPU.Build.0 = Release|Any CPU
	EndGlobalSection
	GlobalSection(SolutionProperties) = preSolution
		HideSolutionNode = FALSE
	EndGlobalSection
	GlobalSection(MonoDevelopProperties) = preSolution
		StartupItem = Assembly-CSharp.csproj
	EndGlobalSection
EndGlobal
